# This file is automatically @generated by Cargo.
# It is not intended for manual editing.
version = 3

[[package]]
name = "common"
version = "0.1.0"

[[package]]
name = "def"
version = "0.1.0"
dependencies = [
 "common",
]

[[package]]
name = "sql"
version = "0.1.0"
dependencies = [
 "common",
 "def",
]

[[package]]
name = "storage"
version = "0.1.0"
dependencies = [
 "common",
]
